// !$*UTF8*$!
{
	archiveVersion = 1;
	classes = {
	};
	objectVersion = 46;
	objects = {

/* Begin PBXBuildFile section */
		0C4C8CE854EDC410B12E3FE4 /* Pods_parseChat.framework in Frameworks */ = {isa = PBXBuildFile; fileRef = 35D6B254DBC21F61BE43197A /* Pods_parseChat.framework */; };
		ADE8EEAF1E5FB51600B3020D /* AppDelegate.swift in Sources */ = {isa = PBXBuildFile; fileRef = ADE8EEAE1E5FB51600B3020D /* AppDelegate.swift */; };
		ADE8EEB11E5FB51600B3020D /* LoginViewController.swift in Sources */ = {isa = PBXBuildFile; fileRef = ADE8EEB01E5FB51600B3020D /* LoginViewController.swift */; };
		ADE8EEB41E5FB51600B3020D /* Main.storyboard in Resources */ = {isa = PBXBuildFile; fileRef = ADE8EEB21E5FB51600B3020D /* Main.storyboard */; };
		ADE8EEB61E5FB51600B3020D /* Assets.xcassets in Resources */ = {isa = PBXBuildFile; fileRef = ADE8EEB51E5FB51600B3020D /* Assets.xcassets */; };
		ADE8EEB91E5FB51600B3020D /* LaunchScreen.storyboard in Resources */ = {isa = PBXBuildFile; fileRef = ADE8EEB71E5FB51600B3020D /* LaunchScreen.storyboard */; };
		ADE8EEC11E5FB6FF00B3020D /* ChatViewController.swift in Sources */ = {isa = PBXBuildFile; fileRef = ADE8EEC01E5FB6FF00B3020D /* ChatViewController.swift */; };
		ADE8EEC51E60BE3C00B3020D /* MessageCell.swift in Sources */ = {isa = PBXBuildFile; fileRef = ADE8EEC41E60BE3C00B3020D /* MessageCell.swift */; };
/* End PBXBuildFile section */

/* Begin PBXFileReference section */
		35D6B254DBC21F61BE43197A /* Pods_parseChat.framework */ = {isa = PBXFileReference; explicitFileType = wrapper.framework; includeInIndex = 0; path = Pods_parseChat.framework; sourceTree = BUILT_PRODUCTS_DIR; };
		81CF9B4CEDE28834CF5523AD /* Pods-parseChat.debug.xcconfig */ = {isa = PBXFileReference; includeInIndex = 1; lastKnownFileType = text.xcconfig; name = "Pods-parseChat.debug.xcconfig"; path = "Pods/Target Support Files/Pods-parseChat/Pods-parseChat.debug.xcconfig"; sourceTree = "<group>"; };
		ADE8EEAB1E5FB51600B3020D /* parseChat.app */ = {isa = PBXFileReference; explicitFileType = wrapper.application; includeInIndex = 0; path = parseChat.app; sourceTree = BUILT_PRODUCTS_DIR; };
		ADE8EEAE1E5FB51600B3020D /* AppDelegate.swift */ = {isa = PBXFileReference; lastKnownFileType = sourcecode.swift; path = AppDelegate.swift; sourceTree = "<group>"; };
		ADE8EEB01E5FB51600B3020D /* LoginViewController.swift */ = {isa = PBXFileReference; lastKnownFileType = sourcecode.swift; path = LoginViewController.swift; sourceTree = "<group>"; };
		ADE8EEB31E5FB51600B3020D /* Base */ = {isa = PBXFileReference; lastKnownFileType = file.storyboard; name = Base; path = Base.lproj/Main.storyboard; sourceTree = "<group>"; };
		ADE8EEB51E5FB51600B3020D /* Assets.xcassets */ = {isa = PBXFileReference; lastKnownFileType = folder.assetcatalog; path = Assets.xcassets; sourceTree = "<group>"; };
		ADE8EEB81E5FB51600B3020D /* Base */ = {isa = PBXFileReference; lastKnownFileType = file.storyboard; name = Base; path = Base.lproj/LaunchScreen.storyboard; sourceTree = "<group>"; };
		ADE8EEBA1E5FB51600B3020D /* Info.plist */ = {isa = PBXFileReference; lastKnownFileType = text.plist.xml; path = Info.plist; sourceTree = "<group>"; };
		ADE8EEC01E5FB6FF00B3020D /* ChatViewController.swift */ = {isa = PBXFileReference; fileEncoding = 4; lastKnownFileType = sourcecode.swift; path = ChatViewController.swift; sourceTree = "<group>"; };
		ADE8EEC41E60BE3C00B3020D /* MessageCell.swift */ = {isa = PBXFileReference; fileEncoding = 4; lastKnownFileType = sourcecode.swift; path = MessageCell.swift; sourceTree = "<group>"; };
		AF91BD10FF84FBAECFA7DA9F /* Pods-parseChat.release.xcconfig */ = {isa = PBXFileReference; includeInIndex = 1; lastKnownFileType = text.xcconfig; name = "Pods-parseChat.release.xcconfig"; path = "Pods/Target Support Files/Pods-parseChat/Pods-parseChat.release.xcconfig"; sourceTree = "<group>"; };
/* End PBXFileReference section */

/* Begin PBXFrameworksBuildPhase section */
		ADE8EEA81E5FB51600B3020D /* Frameworks */ = {
			isa = PBXFrameworksBuildPhase;
			buildActionMask = 2147483647;
			files = (
				0C4C8CE854EDC410B12E3FE4 /* Pods_parseChat.framework in Frameworks */,
			);
			runOnlyForDeploymentPostprocessing = 0;
		};
/* End PBXFrameworksBuildPhase section */

/* Begin PBXGroup section */
		49FC66656B075DF1553ADEF5 /* Frameworks */ = {
			isa = PBXGroup;
			children = (
				35D6B254DBC21F61BE43197A /* Pods_parseChat.framework */,
			);
			name = Frameworks;
			sourceTree = "<group>";
		};
		ADE8EEA21E5FB51600B3020D = {
			isa = PBXGroup;
			children = (
				ADE8EEAD1E5FB51600B3020D /* parseChat */,
				ADE8EEAC1E5FB51600B3020D /* Products */,
				E216EA6714AF5EBF038B3ADB /* Pods */,
				49FC66656B075DF1553ADEF5 /* Frameworks */,
			);
			sourceTree = "<group>";
		};
		ADE8EEAC1E5FB51600B3020D /* Products */ = {
			isa = PBXGroup;
			children = (
				ADE8EEAB1E5FB51600B3020D /* parseChat.app */,
			);
			name = Products;
			sourceTree = "<group>";
		};
		ADE8EEAD1E5FB51600B3020D /* parseChat */ = {
			isa = PBXGroup;
			children = (
				ADE8EEAE1E5FB51600B3020D /* AppDelegate.swift */,
				ADE8EEB01E5FB51600B3020D /* LoginViewController.swift */,
				ADE8EEB21E5FB51600B3020D /* Main.storyboard */,
				ADE8EEB51E5FB51600B3020D /* Assets.xcassets */,
				ADE8EEB71E5FB51600B3020D /* LaunchScreen.storyboard */,
				ADE8EEBA1E5FB51600B3020D /* Info.plist */,
				ADE8EEC01E5FB6FF00B3020D /* ChatViewController.swift */,
				ADE8EEC41E60BE3C00B3020D /* MessageCell.swift */,
			);
			path = parseChat;
			sourceTree = "<group>";
		};
		E216EA6714AF5EBF038B3ADB /* Pods */ = {
			isa = PBXGroup;
			children = (
				81CF9B4CEDE28834CF5523AD /* Pods-parseChat.debug.xcconfig */,
				AF91BD10FF84FBAECFA7DA9F /* Pods-parseChat.release.xcconfig */,
			);
			name = Pods;
			sourceTree = "<group>";
		};
/* End PBXGroup section */

/* Begin PBXNativeTarget section */
		ADE8EEAA1E5FB51600B3020D /* parseChat */ = {
			isa = PBXNativeTarget;
			buildConfigurationList = ADE8EEBD1E5FB51600B3020D /* Build configuration list for PBXNativeTarget "parseChat" */;
			buildPhases = (
				93917B99D701862A489EFB4B /* [CP] Check Pods Manifest.lock */,
				ADE8EEA71E5FB51600B3020D /* Sources */,
				ADE8EEA81E5FB51600B3020D /* Frameworks */,
				ADE8EEA91E5FB51600B3020D /* Resources */,
				0C20C9DFEE86CE0BDF759D34 /* [CP] Embed Pods Frameworks */,
				1CA36C05353DD2A8123537F5 /* [CP] Copy Pods Resources */,
			);
			buildRules = (
			);
			dependencies = (
			);
			name = parseChat;
			productName = parseChat;
			productReference = ADE8EEAB1E5FB51600B3020D /* parseChat.app */;
			productType = "com.apple.product-type.application";
		};
/* End PBXNativeTarget section */

/* Begin PBXProject section */
		ADE8EEA31E5FB51600B3020D /* Project object */ = {
			isa = PBXProject;
			attributes = {
				LastSwiftUpdateCheck = 0820;
				LastUpgradeCheck = 0820;
				ORGANIZATIONNAME = "Shreyas Tawre";
				TargetAttributes = {
					ADE8EEAA1E5FB51600B3020D = {
						CreatedOnToolsVersion = 8.2;
						ProvisioningStyle = Automatic;
					};
				};
			};
			buildConfigurationList = ADE8EEA61E5FB51600B3020D /* Build configuration list for PBXProject "parseChat" */;
			compatibilityVersion = "Xcode 3.2";
			developmentRegion = English;
			hasScannedForEncodings = 0;
			knownRegions = (
				en,
				Base,
			);
			mainGroup = ADE8EEA21E5FB51600B3020D;
			productRefGroup = ADE8EEAC1E5FB51600B3020D /* Products */;
			projectDirPath = "";
			projectRoot = "";
			targets = (
				ADE8EEAA1E5FB51600B3020D /* parseChat */,
			);
		};
/* End PBXProject section */

/* Begin PBXResourcesBuildPhase section */
		ADE8EEA91E5FB51600B3020D /* Resources */ = {
			isa = PBXResourcesBuildPhase;
			buildActionMask = 2147483647;
			files = (
				ADE8EEB91E5FB51600B3020D /* LaunchScreen.storyboard in Resources */,
				ADE8EEB61E5FB51600B3020D /* Assets.xcassets in Resources */,
				ADE8EEB41E5FB51600B3020D /* Main.storyboard in Resources */,
			);
			runOnlyForDeploymentPostprocessing = 0;
		};
/* End PBXResourcesBuildPhase section */

/* Begin PBXShellScriptBuildPhase section */
		0C20C9DFEE86CE0BDF759D34 /* [CP] Embed Pods Frameworks */ = {
			isa = PBXShellScriptBuildPhase;
			buildActionMask = 2147483647;
			files = (
			);
			inputPaths = (
			);
			name = "[CP] Embed Pods Frameworks";
			outputPaths = (
			);
			runOnlyForDeploymentPostprocessing = 0;
			shellPath = /bin/sh;
			shellScript = "\"${SRCROOT}/Pods/Target Support Files/Pods-parseChat/Pods-parseChat-frameworks.sh\"\n";
			showEnvVarsInLog = 0;
		};
		1CA36C05353DD2A8123537F5 /* [CP] Copy Pods Resources */ = {
			isa = PBXShellScriptBuildPhase;
			buildActionMask = 2147483647;
			files = (
			);
			inputPaths = (
			);
			name = "[CP] Copy Pods Resources";
			outputPaths = (
			);
			runOnlyForDeploymentPostprocessing = 0;
			shellPath = /bin/sh;
			shellScript = "\"${SRCROOT}/Pods/Target Support Files/Pods-parseChat/Pods-parseChat-resources.sh\"\n";
			showEnvVarsInLog = 0;
		};
		93917B99D701862A489EFB4B /* [CP] Check Pods Manifest.lock */ = {
			isa = PBXShellScriptBuildPhase;
			buildActionMask = 2147483647;
			files = (
			);
			inputPaths = (
			);
			name = "[CP] Check Pods Manifest.lock";
			outputPaths = (
			);
			runOnlyForDeploymentPostprocessing = 0;
			shellPath = /bin/sh;
			shellScript = "diff \"${PODS_ROOT}/../Podfile.lock\" \"${PODS_ROOT}/Manifest.lock\" > /dev/null\nif [ $? != 0 ] ; then\n    # print error to STDERR\n    echo \"error: The sandbox is not in sync with the Podfile.lock. Run 'pod install' or update your CocoaPods installation.\" >&2\n    exit 1\nfi\n";
			showEnvVarsInLog = 0;
		};
/* End PBXShellScriptBuildPhase section */

/* Begin PBXSourcesBuildPhase section */
		ADE8EEA71E5FB51600B3020D /* Sources */ = {
			isa = PBXSourcesBuildPhase;
			buildActionMask = 2147483647;
			files = (
				ADE8EEB11E5FB51600B3020D /* LoginViewController.swift in Sources */,
				ADE8EEC51E60BE3C00B3020D /* MessageCell.swift in Sources */,
				ADE8EEC11E5FB6FF00B3020D /* ChatViewController.swift in Sources */,
				ADE8EEAF1E5FB51600B3020D /* AppDelegate.swift in Sources */,
			);
			runOnlyForDeploymentPostprocessing = 0;
		};
/* End PBXSourcesBuildPhase section */

/* Begin PBXVariantGroup section */
		ADE8EEB21E5FB51600B3020D /* Main.storyboard */ = {
			isa = PBXVariantGroup;
			children = (
				ADE8EEB31E5FB51600B3020D /* Base */,
			);
			name = Main.storyboard;
			sourceTree = "<group>";
		};
		ADE8EEB71E5FB51600B3020D /* LaunchScreen.storyboard */ = {
			isa = PBXVariantGroup;
			children = (
				ADE8EEB81E5FB51600B3020D /* Base */,
			);
			name = LaunchScreen.storyboard;
			sourceTree = "<group>";
		};
/* End PBXVariantGroup section */

/* Begin XCBuildConfiguration section */
		ADE8EEBB1E5FB51600B3020D /* Debug */ = {
			isa = XCBuildConfiguration;
			buildSettings = {
				ALWAYS_SEARCH_USER_PATHS = NO;
				CLANG_ANALYZER_NONNULL = YES;
				CLANG_CXX_LANGUAGE_STANDARD = "gnu++0x";
				CLANG_CXX_LIBRARY = "libc++";
				CLANG_ENABLE_MODULES = YES;
				CLANG_ENABLE_OBJC_ARC = YES;
				CLANG_WARN_BOOL_CONVERSION = YES;
				CLANG_WARN_CONSTANT_CONVERSION = YES;
				CLANG_WARN_DIRECT_OBJC_ISA_USAGE = YES_ERROR;
				CLANG_WARN_DOCUMENTATION_COMMENTS = YES;
				CLANG_WARN_EMPTY_BODY = YES;
				CLANG_WARN_ENUM_CONVERSION = YES;
				CLANG_WARN_INFINITE_RECURSION = YES;
				CLANG_WARN_INT_CONVERSION = YES;
				CLANG_WARN_OBJC_ROOT_CLASS = YES_ERROR;
				CLANG_WARN_SUSPICIOUS_MOVE = YES;
				CLANG_WARN_UNREACHABLE_CODE = YES;
				CLANG_WARN__DUPLICATE_METHOD_MATCH = YES;
				"CODE_SIGN_IDENTITY[sdk=iphoneos*]" = "iPhone Developer";
				COPY_PHASE_STRIP = NO;
				DEBUG_INFORMATION_FORMAT = dwarf;
				ENABLE_STRICT_OBJC_MSGSEND = YES;
				ENABLE_TESTABILITY = YES;
				GCC_C_LANGUAGE_STANDARD = gnu99;
				GCC_DYNAMIC_NO_PIC = NO;
				GCC_NO_COMMON_BLOCKS = YES;
				GCC_OPTIMIZATION_LEVEL = 0;
				GCC_PREPROCESSOR_DEFINITIONS = (
					"DEBUG=1",
					"$(inherited)",
				);
				GCC_WARN_64_TO_32_BIT_CONVERSION = YES;
				GCC_WARN_ABOUT_RETURN_TYPE = YES_ERROR;
				GCC_WARN_UNDECLARED_SELECTOR = YES;
				GCC_WARN_UNINITIALIZED_AUTOS = YES_AGGRESSIVE;
				GCC_WARN_UNUSED_FUNCTION = YES;
				GCC_WARN_UNUSED_VARIABLE = YES;
				IPHONEOS_DEPLOYMENT_TARGET = 10.2;
				MTL_ENABLE_DEBUG_INFO = YES;
				ONLY_ACTIVE_ARCH = YES;
				SDKROOT = iphoneos;
				SWIFT_ACTIVE_COMPILATION_CONDITIONS = DEBUG;
				SWIFT_OPTIMIZATION_LEVEL = "-Onone";
			};
			name = Debug;
		};
		ADE8EEBC1E5FB51600B3020D /* Release */ = {
			isa = XCBuildConfiguration;
			buildSettings = {
				ALWAYS_SEARCH_USER_PATHS = NO;
				CLANG_ANALYZER_NONNULL = YES;
				CLANG_CXX_LANGUAGE_STANDARD = "gnu++0x";
				CLANG_CXX_LIBRARY = "libc++";
				CLANG_ENABLE_MODULES = YES;
				CLANG_ENABLE_OBJC_ARC = YES;
				CLANG_WARN_BOOL_CONVERSION = YES;
				CLANG_WARN_CONSTANT_CONVERSION = YES;
				CLANG_WARN_DIRECT_OBJC_ISA_USAGE = YES_ERROR;
				CLANG_WARN_DOCUMENTATION_COMMENTS = YES;
				CLANG_WARN_EMPTY_BODY = YES;
				CLANG_WARN_ENUM_CONVERSION = YES;
				CLANG_WARN_INFINITE_RECURSION = YES;
				CLANG_WARN_INT_CONVERSION = YES;
				CLANG_WARN_OBJC_ROOT_CLASS = YES_ERROR;
				CLANG_WARN_SUSPICIOUS_MOVE = YES;
				CLANG_WARN_UNREACHABLE_CODE = YES;
				CLANG_WARN__DUPLICATE_METHOD_MATCH = YES;
				"CODE_SIGN_IDENTITY[sdk=iphoneos*]" = "iPhone Developer";
				COPY_PHASE_STRIP = NO;
				DEBUG_INFORMATION_FORMAT = "dwarf-with-dsym";
				ENABLE_NS_ASSERTIONS = NO;
				ENABLE_STRICT_OBJC_MSGSEND = YES;
				GCC_C_LANGUAGE_STANDARD = gnu99;
				GCC_NO_COMMON_BLOCKS = YES;
				GCC_WARN_64_TO_32_BIT_CONVERSION = YES;
				GCC_WARN_ABOUT_RETURN_TYPE = YES_ERROR;
				GCC_WARN_UNDECLARED_SELECTOR = YES;
				GCC_WARN_UNINITIALIZED_AUTOS = YES_AGGRESSIVE;
				GCC_WARN_UNUSED_FUNCTION = YES;
				GCC_WARN_UNUSED_VARIABLE = YES;
				IPHONEOS_DEPLOYMENT_TARGET = 10.2;
				MTL_ENABLE_DEBUG_INFO = NO;
				SDKROOT = iphoneos;
				SWIFT_OPTIMIZATION_LEVEL = "-Owholemodule";
				VALIDATE_PRODUCT = YES;
			};
			name = Release;
		};
		ADE8EEBE1E5FB51600B3020D /* Debug */ = {
			isa = XCBuildConfiguration;
			baseConfigurationReference = 81CF9B4CEDE28834CF5523AD /* Pods-parseChat.debug.xcconfig */;
			buildSettings = {
				ASSETCATALOG_COMPILER_APPICON_NAME = AppIcon;
				INFOPLIST_FILE = parseChat/Info.plist;
				LD_RUNPATH_SEARCH_PATHS = "$(inherited) @executable_path/Frameworks";
				PRODUCT_BUNDLE_IDENTIFIER = shreyastawre.parseChat;
				PRODUCT_NAME = "$(TARGET_NAME)";
				SWIFT_VERSION = 3.0;
			};
			name = Debug;
		};
		ADE8EEBF1E5FB51600B3020D /* Release */ = {
			isa = XCBuildConfiguration;
			baseConfigurationReference = AF91BD10FF84FBAECFA7DA9F /* Pods-parseChat.release.xcconfig */;
			buildSettings = {
				ASSETCATALOG_COMPILER_APPICON_NAME = AppIcon;
				INFOPLIST_FILE = parseChat/Info.plist;
				LD_RUNPATH_SEARCH_PATHS = "$(inherited) @executable_path/Frameworks";
				PRODUCT_BUNDLE_IDENTIFIER = shreyastawre.parseChat;
				PRODUCT_NAME = "$(TARGET_NAME)";
				SWIFT_VERSION = 3.0;
			};
			name = Release;
		};
/* End XCBuildConfiguration section */

/* Begin XCConfigurationList section */
		ADE8EEA61E5FB51600B3020D /* Build configuration list for PBXProject "parseChat" */ = {
			isa = XCConfigurationList;
			buildConfigurations = (
				ADE8EEBB1E5FB51600B3020D /* Debug */,
				ADE8EEBC1E5FB51600B3020D /* Release */,
			);
			defaultConfigurationIsVisible = 0;
			defaultConfigurationName = Release;
		};
		ADE8EEBD1E5FB51600B3020D /* Build configuration list for PBXNativeTarget "parseChat" */ = {
			isa = XCConfigurationList;
			buildConfigurations = (
				ADE8EEBE1E5FB51600B3020D /* Debug */,
				ADE8EEBF1E5FB51600B3020D /* Release */,
			);
			defaultConfigurationIsVisible = 0;
			defaultConfigurationName = Release;
		};
/* End XCConfigurationList section */
	};
	rootObject = ADE8EEA31E5FB51600B3020D /* Project object */;
}
